
Microsoft Visual Studio Solution File, Format Version 12.00
Project("{2150E333-8FDC-42A3-9474-1A3956D46DE8}") = "Session1", "Session1", "{59B9297D-28EE-4F50-837E-F1ACF85CEDFF}"
EndProject
Project("{2150E333-8FDC-42A3-9474-1A3956D46DE8}") = "Session2", "Session2", "{57E90EC3-38EF-4213-B383-8B0F1ADD1389}"
EndProject
Project("{FAE04EC0-301F-11D3-BF4B-00C04F79EFBC}") = "S1_Ex1_HelloWorld", "Session1\S1_Ex1_HelloWorld\S1_Ex1_HelloWorld.csproj", "{0312D3D8-9015-4938-96A6-A0C3871F4606}"
EndProject
Project("{FAE04EC0-301F-11D3-BF4B-00C04F79EFBC}") = "S1_Ex3", "Session1\S1_Ex3\S1_Ex3.csproj", "{5D32C080-BBB4-448B-BF76-8CF2A532E669}"
EndProject
Project("{FAE04EC0-301F-11D3-BF4B-00C04F79EFBC}") = "S1_Ex4_PrintingNumbers", "Session1\S1_Ex4_PrintingNumbers\S1_Ex4_PrintingNumbers.csproj", "{CC7033CB-0BBE-429D-8541-0AAA66DA2418}"
EndProject
Project("{FAE04EC0-301F-11D3-BF4B-00C04F79EFBC}") = "S1_Ex5_MathInNameSpace", "Session1\S1_Ex5_MathInNameSpace\S1_Ex5_MathInNameSpace.csproj", "{BD753124-AA7F-43B5-A1EB-2AAC922EC2A0}"
EndProject
Project("{FAE04EC0-301F-11D3-BF4B-00C04F79EFBC}") = "S1_Ex6_MoreMathCalculator", "Session1\S1_Ex6_MoreMathCalculator\S1_Ex6_MoreMathCalculator.csproj", "{D64E7942-75CC-4823-A840-0EA043C94E36}"
EndProject
Project("{FAE04EC0-301F-11D3-BF4B-00C04F79EFBC}") = "Ex1_Polymorphism", "Session2\Ex1_Polymorphism\Ex1_Polymorphism.csproj", "{F41582D7-A46B-4731-856F-340E95CE8EA6}"
EndProject
Project("{FAE04EC0-301F-11D3-BF4B-00C04F79EFBC}") = "Ex4_DoctorsWaitingRoom", "Session2\Ex4_DoctorsWaitingRoom\Ex4_DoctorsWaitingRoom.csproj", "{552ECCC8-B62E-48DA-9333-660D6E418B90}"
EndProject
Project("{FAE04EC0-301F-11D3-BF4B-00C04F79EFBC}") = "Ex5_CarAndPredicates", "Session2\Ex5_CarAndPredicates\Ex5_CarAndPredicates.csproj", "{5FD75178-CAD2-4EAD-A1CE-CFBEA547C608}"
EndProject
Project("{2150E333-8FDC-42A3-9474-1A3956D46DE8}") = "Session3", "Session3", "{17D28C59-FD08-4D67-BABD-6DDC0B58FD86}"
EndProject
Project("{FAE04EC0-301F-11D3-BF4B-00C04F79EFBC}") = "Ex1_JsonIntro", "Session3\Ex1_JsonIntro\Ex1_JsonIntro.csproj", "{A888DBE3-1644-44A8-AEEB-0C7AF706A21D}"
EndProject
Project("{FAE04EC0-301F-11D3-BF4B-00C04F79EFBC}") = "Ex2_Json_File_Storage", "Session3\Ex2_Json_File_Storage\Ex2_Json_File_Storage.csproj", "{C1C90B01-56E7-438F-9F37-E87804BBF7CE}"
EndProject
Project("{FAE04EC0-301F-11D3-BF4B-00C04F79EFBC}") = "Ex3_Echo_Server", "Session3\Ex3_Echo_Server\Ex3_Echo_Server.csproj", "{784273CD-5189-4CC9-99D9-A2114699BBA3}"
EndProject
Project("{FAE04EC0-301F-11D3-BF4B-00C04F79EFBC}") = "Ex3_Client", "Session3\Ex3_Client\Ex3_Client.csproj", "{17C7C4E2-FF18-40FB-BC7A-AC7273029480}"
EndProject
Project("{FAE04EC0-301F-11D3-BF4B-00C04F79EFBC}") = "Ex4_MultiThreaded_Server", "Session3\Ex4_MultiThreaded_Server\Ex4_MultiThreaded_Server.csproj", "{BBECEBD0-9088-40B9-A03B-E367AA0B66F8}"
EndProject
Project("{FAE04EC0-301F-11D3-BF4B-00C04F79EFBC}") = "Ex4_MultiThreaded_Client", "Session3\Ex4_MultiThreaded_Client\Ex4_MultiThreaded_Client.csproj", "{985D6520-1156-4E69-B8B9-1EBC293DA24C}"
EndProject
Project("{FAE04EC0-301F-11D3-BF4B-00C04F79EFBC}") = "Ex5_Chat_Program_Server", "Session3\Ex5_Chat_Program_Server\Ex5_Chat_Program_Server.csproj", "{CAD08B47-585B-460E-AB7D-B839071DD261}"
EndProject
Project("{FAE04EC0-301F-11D3-BF4B-00C04F79EFBC}") = "Ex5_Chat_Program_Client", "Session3\Ex5_Chat_Program_Client\Ex5_Chat_Program_Client.csproj", "{CE9BCF36-84A0-49EA-A3D4-79AFC059ABEC}"
EndProject
Project("{2150E333-8FDC-42A3-9474-1A3956D46DE8}") = "Session4_Blazor", "Session4_Blazor", "{AFB01483-10CA-44EE-A51A-43BEC86B6E2A}"
EndProject
Project("{FAE04EC0-301F-11D3-BF4B-00C04F79EFBC}") = "DefaultBlazor", "Session4_Blazor\DefaultBlazor\DefaultBlazor.csproj", "{A6898C4F-916E-4BAD-81E7-2F235A3A8048}"
EndProject
Project("{FAE04EC0-301F-11D3-BF4B-00C04F79EFBC}") = "AdvancedTodo", "Session4_Blazor\AdvancedTodo\AdvancedTodo.csproj", "{E777453F-5D63-4375-961C-69BE4D21797D}"
EndProject
Project("{FAE04EC0-301F-11D3-BF4B-00C04F79EFBC}") = "Bakery", "Session4_Blazor\Bakery\Bakery.csproj", "{32F002DA-403A-471C-AA6A-429753BC95F3}"
EndProject
Project("{2150E333-8FDC-42A3-9474-1A3956D46DE8}") = "Session5_Blazor_Login", "Session5_Blazor_Login", "{E7DBA0E6-F30C-4FFA-8C06-F25A347D79AC}"
EndProject
Project("{FAE04EC0-301F-11D3-BF4B-00C04F79EFBC}") = "Ex1_SimpleSetup", "Session5_Blazor_Login\Ex1_SimpleSetup\Ex1_SimpleSetup.csproj", "{E21EE08F-4CC9-4745-BAE5-4C9749E171D8}"
EndProject
Project("{2150E333-8FDC-42A3-9474-1A3956D46DE8}") = "JavaTest", "JavaTest", "{640FC4C3-59A4-4A93-BBB8-9B0478783DAB}"
EndProject
Project("{FAE04EC0-301F-11D3-BF4B-00C04F79EFBC}") = "HumanTest", "JavaTest\HumanTest\HumanTest.csproj", "{BBB7284E-8316-40F8-AFAD-564F274E6CF7}"
EndProject
Project("{2150E333-8FDC-42A3-9474-1A3956D46DE8}") = "Session7_Blazor_WebAPI", "Session7_Blazor_WebAPI", "{EBCC7261-8A6B-4C48-B815-49BFE1159381}"
EndProject
Project("{FAE04EC0-301F-11D3-BF4B-00C04F79EFBC}") = "TodosWebAPI", "TodosWebAPI\TodosWebAPI.csproj", "{34FA7EF0-7AB4-4B85-87E7-3A371051661D}"
EndProject
Project("{2150E333-8FDC-42A3-9474-1A3956D46DE8}") = "Session8_HttpClient", "Session8_HttpClient", "{4FE7C067-F994-4426-99DA-68E6182D0ED0}"
EndProject
Project("{FAE04EC0-301F-11D3-BF4B-00C04F79EFBC}") = "TodoWithoutBlazer", "Session8_HttpClient\TodoWithoutBlazer\TodoWithoutBlazer.csproj", "{B0C2FE83-9A14-456A-AF5A-9ABD47CA9FF5}"
EndProject
Project("{FAE04EC0-301F-11D3-BF4B-00C04F79EFBC}") = "TodoTutorial2_0", "Session8_HttpClient\TodoTutorial2_0\TodoTutorial2_0.csproj", "{DC30BF37-888A-4836-B3D5-BD877C8D14C1}"
EndProject
Project("{2150E333-8FDC-42A3-9474-1A3956D46DE8}") = "Session9_Database", "Session9_Database", "{1CC6FE44-6E7E-45E9-A762-D2A8FD9375F8}"
EndProject
Project("{FAE04EC0-301F-11D3-BF4B-00C04F79EFBC}") = "Library", "Session9_Database\Library\Library.csproj", "{9187CE5B-0303-4D8A-9E45-E5A9B0F0523D}"
EndProject
Project("{FAE04EC0-301F-11D3-BF4B-00C04F79EFBC}") = "TodoDatabase", "Session9_Database\TodoDatabase\TodoDatabase.csproj", "{969A6848-5006-42B5-A456-62FA56B386BC}"
EndProject
Global
	GlobalSection(SolutionConfigurationPlatforms) = preSolution
		Debug|Any CPU = Debug|Any CPU
		Release|Any CPU = Release|Any CPU
	EndGlobalSection
	GlobalSection(NestedProjects) = preSolution
		{0312D3D8-9015-4938-96A6-A0C3871F4606} = {59B9297D-28EE-4F50-837E-F1ACF85CEDFF}
		{5D32C080-BBB4-448B-BF76-8CF2A532E669} = {59B9297D-28EE-4F50-837E-F1ACF85CEDFF}
		{CC7033CB-0BBE-429D-8541-0AAA66DA2418} = {59B9297D-28EE-4F50-837E-F1ACF85CEDFF}
		{BD753124-AA7F-43B5-A1EB-2AAC922EC2A0} = {59B9297D-28EE-4F50-837E-F1ACF85CEDFF}
		{D64E7942-75CC-4823-A840-0EA043C94E36} = {59B9297D-28EE-4F50-837E-F1ACF85CEDFF}
		{F41582D7-A46B-4731-856F-340E95CE8EA6} = {57E90EC3-38EF-4213-B383-8B0F1ADD1389}
		{552ECCC8-B62E-48DA-9333-660D6E418B90} = {57E90EC3-38EF-4213-B383-8B0F1ADD1389}
		{5FD75178-CAD2-4EAD-A1CE-CFBEA547C608} = {57E90EC3-38EF-4213-B383-8B0F1ADD1389}
		{A888DBE3-1644-44A8-AEEB-0C7AF706A21D} = {17D28C59-FD08-4D67-BABD-6DDC0B58FD86}
		{C1C90B01-56E7-438F-9F37-E87804BBF7CE} = {17D28C59-FD08-4D67-BABD-6DDC0B58FD86}
		{784273CD-5189-4CC9-99D9-A2114699BBA3} = {17D28C59-FD08-4D67-BABD-6DDC0B58FD86}
		{17C7C4E2-FF18-40FB-BC7A-AC7273029480} = {17D28C59-FD08-4D67-BABD-6DDC0B58FD86}
		{BBECEBD0-9088-40B9-A03B-E367AA0B66F8} = {17D28C59-FD08-4D67-BABD-6DDC0B58FD86}
		{985D6520-1156-4E69-B8B9-1EBC293DA24C} = {17D28C59-FD08-4D67-BABD-6DDC0B58FD86}
		{CAD08B47-585B-460E-AB7D-B839071DD261} = {17D28C59-FD08-4D67-BABD-6DDC0B58FD86}
		{CE9BCF36-84A0-49EA-A3D4-79AFC059ABEC} = {17D28C59-FD08-4D67-BABD-6DDC0B58FD86}
		{A6898C4F-916E-4BAD-81E7-2F235A3A8048} = {AFB01483-10CA-44EE-A51A-43BEC86B6E2A}
		{E777453F-5D63-4375-961C-69BE4D21797D} = {AFB01483-10CA-44EE-A51A-43BEC86B6E2A}
		{32F002DA-403A-471C-AA6A-429753BC95F3} = {AFB01483-10CA-44EE-A51A-43BEC86B6E2A}
		{E21EE08F-4CC9-4745-BAE5-4C9749E171D8} = {E7DBA0E6-F30C-4FFA-8C06-F25A347D79AC}
		{BBB7284E-8316-40F8-AFAD-564F274E6CF7} = {640FC4C3-59A4-4A93-BBB8-9B0478783DAB}
		{34FA7EF0-7AB4-4B85-87E7-3A371051661D} = {EBCC7261-8A6B-4C48-B815-49BFE1159381}
		{B0C2FE83-9A14-456A-AF5A-9ABD47CA9FF5} = {4FE7C067-F994-4426-99DA-68E6182D0ED0}
		{DC30BF37-888A-4836-B3D5-BD877C8D14C1} = {4FE7C067-F994-4426-99DA-68E6182D0ED0}
		{9187CE5B-0303-4D8A-9E45-E5A9B0F0523D} = {1CC6FE44-6E7E-45E9-A762-D2A8FD9375F8}
		{969A6848-5006-42B5-A456-62FA56B386BC} = {1CC6FE44-6E7E-45E9-A762-D2A8FD9375F8}
	EndGlobalSection
	GlobalSection(ProjectConfigurationPlatforms) = postSolution
		{0312D3D8-9015-4938-96A6-A0C3871F4606}.Debug|Any CPU.ActiveCfg = Debug|Any CPU
		{0312D3D8-9015-4938-96A6-A0C3871F4606}.Debug|Any CPU.Build.0 = Debug|Any CPU
		{0312D3D8-9015-4938-96A6-A0C3871F4606}.Release|Any CPU.ActiveCfg = Release|Any CPU
		{0312D3D8-9015-4938-96A6-A0C3871F4606}.Release|Any CPU.Build.0 = Release|Any CPU
		{5D32C080-BBB4-448B-BF76-8CF2A532E669}.Debug|Any CPU.ActiveCfg = Debug|Any CPU
		{5D32C080-BBB4-448B-BF76-8CF2A532E669}.Debug|Any CPU.Build.0 = Debug|Any CPU
		{5D32C080-BBB4-448B-BF76-8CF2A532E669}.Release|Any CPU.ActiveCfg = Release|Any CPU
		{5D32C080-BBB4-448B-BF76-8CF2A532E669}.Release|Any CPU.Build.0 = Release|Any CPU
		{CC7033CB-0BBE-429D-8541-0AAA66DA2418}.Debug|Any CPU.ActiveCfg = Debug|Any CPU
		{CC7033CB-0BBE-429D-8541-0AAA66DA2418}.Debug|Any CPU.Build.0 = Debug|Any CPU
		{CC7033CB-0BBE-429D-8541-0AAA66DA2418}.Release|Any CPU.ActiveCfg = Release|Any CPU
		{CC7033CB-0BBE-429D-8541-0AAA66DA2418}.Release|Any CPU.Build.0 = Release|Any CPU
		{BD753124-AA7F-43B5-A1EB-2AAC922EC2A0}.Debug|Any CPU.ActiveCfg = Debug|Any CPU
		{BD753124-AA7F-43B5-A1EB-2AAC922EC2A0}.Debug|Any CPU.Build.0 = Debug|Any CPU
		{BD753124-AA7F-43B5-A1EB-2AAC922EC2A0}.Release|Any CPU.ActiveCfg = Release|Any CPU
		{BD753124-AA7F-43B5-A1EB-2AAC922EC2A0}.Release|Any CPU.Build.0 = Release|Any CPU
		{D64E7942-75CC-4823-A840-0EA043C94E36}.Debug|Any CPU.ActiveCfg = Debug|Any CPU
		{D64E7942-75CC-4823-A840-0EA043C94E36}.Debug|Any CPU.Build.0 = Debug|Any CPU
		{D64E7942-75CC-4823-A840-0EA043C94E36}.Release|Any CPU.ActiveCfg = Release|Any CPU
		{D64E7942-75CC-4823-A840-0EA043C94E36}.Release|Any CPU.Build.0 = Release|Any CPU
		{F41582D7-A46B-4731-856F-340E95CE8EA6}.Debug|Any CPU.ActiveCfg = Debug|Any CPU
		{F41582D7-A46B-4731-856F-340E95CE8EA6}.Debug|Any CPU.Build.0 = Debug|Any CPU
		{F41582D7-A46B-4731-856F-340E95CE8EA6}.Release|Any CPU.ActiveCfg = Release|Any CPU
		{F41582D7-A46B-4731-856F-340E95CE8EA6}.Release|Any CPU.Build.0 = Release|Any CPU
		{552ECCC8-B62E-48DA-9333-660D6E418B90}.Debug|Any CPU.ActiveCfg = Debug|Any CPU
		{552ECCC8-B62E-48DA-9333-660D6E418B90}.Debug|Any CPU.Build.0 = Debug|Any CPU
		{552ECCC8-B62E-48DA-9333-660D6E418B90}.Release|Any CPU.ActiveCfg = Release|Any CPU
		{552ECCC8-B62E-48DA-9333-660D6E418B90}.Release|Any CPU.Build.0 = Release|Any CPU
		{5FD75178-CAD2-4EAD-A1CE-CFBEA547C608}.Debug|Any CPU.ActiveCfg = Debug|Any CPU
		{5FD75178-CAD2-4EAD-A1CE-CFBEA547C608}.Debug|Any CPU.Build.0 = Debug|Any CPU
		{5FD75178-CAD2-4EAD-A1CE-CFBEA547C608}.Release|Any CPU.ActiveCfg = Release|Any CPU
		{5FD75178-CAD2-4EAD-A1CE-CFBEA547C608}.Release|Any CPU.Build.0 = Release|Any CPU
		{A888DBE3-1644-44A8-AEEB-0C7AF706A21D}.Debug|Any CPU.ActiveCfg = Debug|Any CPU
		{A888DBE3-1644-44A8-AEEB-0C7AF706A21D}.Debug|Any CPU.Build.0 = Debug|Any CPU
		{A888DBE3-1644-44A8-AEEB-0C7AF706A21D}.Release|Any CPU.ActiveCfg = Release|Any CPU
		{A888DBE3-1644-44A8-AEEB-0C7AF706A21D}.Release|Any CPU.Build.0 = Release|Any CPU
		{C1C90B01-56E7-438F-9F37-E87804BBF7CE}.Debug|Any CPU.ActiveCfg = Debug|Any CPU
		{C1C90B01-56E7-438F-9F37-E87804BBF7CE}.Debug|Any CPU.Build.0 = Debug|Any CPU
		{C1C90B01-56E7-438F-9F37-E87804BBF7CE}.Release|Any CPU.ActiveCfg = Release|Any CPU
		{C1C90B01-56E7-438F-9F37-E87804BBF7CE}.Release|Any CPU.Build.0 = Release|Any CPU
		{784273CD-5189-4CC9-99D9-A2114699BBA3}.Debug|Any CPU.ActiveCfg = Debug|Any CPU
		{784273CD-5189-4CC9-99D9-A2114699BBA3}.Debug|Any CPU.Build.0 = Debug|Any CPU
		{784273CD-5189-4CC9-99D9-A2114699BBA3}.Release|Any CPU.ActiveCfg = Release|Any CPU
		{784273CD-5189-4CC9-99D9-A2114699BBA3}.Release|Any CPU.Build.0 = Release|Any CPU
		{17C7C4E2-FF18-40FB-BC7A-AC7273029480}.Debug|Any CPU.ActiveCfg = Debug|Any CPU
		{17C7C4E2-FF18-40FB-BC7A-AC7273029480}.Debug|Any CPU.Build.0 = Debug|Any CPU
		{17C7C4E2-FF18-40FB-BC7A-AC7273029480}.Release|Any CPU.ActiveCfg = Release|Any CPU
		{17C7C4E2-FF18-40FB-BC7A-AC7273029480}.Release|Any CPU.Build.0 = Release|Any CPU
		{BBECEBD0-9088-40B9-A03B-E367AA0B66F8}.Debug|Any CPU.ActiveCfg = Debug|Any CPU
		{BBECEBD0-9088-40B9-A03B-E367AA0B66F8}.Debug|Any CPU.Build.0 = Debug|Any CPU
		{BBECEBD0-9088-40B9-A03B-E367AA0B66F8}.Release|Any CPU.ActiveCfg = Release|Any CPU
		{BBECEBD0-9088-40B9-A03B-E367AA0B66F8}.Release|Any CPU.Build.0 = Release|Any CPU
		{985D6520-1156-4E69-B8B9-1EBC293DA24C}.Debug|Any CPU.ActiveCfg = Debug|Any CPU
		{985D6520-1156-4E69-B8B9-1EBC293DA24C}.Debug|Any CPU.Build.0 = Debug|Any CPU
		{985D6520-1156-4E69-B8B9-1EBC293DA24C}.Release|Any CPU.ActiveCfg = Release|Any CPU
		{985D6520-1156-4E69-B8B9-1EBC293DA24C}.Release|Any CPU.Build.0 = Release|Any CPU
		{CAD08B47-585B-460E-AB7D-B839071DD261}.Debug|Any CPU.ActiveCfg = Debug|Any CPU
		{CAD08B47-585B-460E-AB7D-B839071DD261}.Debug|Any CPU.Build.0 = Debug|Any CPU
		{CAD08B47-585B-460E-AB7D-B839071DD261}.Release|Any CPU.ActiveCfg = Release|Any CPU
		{CAD08B47-585B-460E-AB7D-B839071DD261}.Release|Any CPU.Build.0 = Release|Any CPU
		{CE9BCF36-84A0-49EA-A3D4-79AFC059ABEC}.Debug|Any CPU.ActiveCfg = Debug|Any CPU
		{CE9BCF36-84A0-49EA-A3D4-79AFC059ABEC}.Debug|Any CPU.Build.0 = Debug|Any CPU
		{CE9BCF36-84A0-49EA-A3D4-79AFC059ABEC}.Release|Any CPU.ActiveCfg = Release|Any CPU
		{CE9BCF36-84A0-49EA-A3D4-79AFC059ABEC}.Release|Any CPU.Build.0 = Release|Any CPU
		{A6898C4F-916E-4BAD-81E7-2F235A3A8048}.Debug|Any CPU.ActiveCfg = Debug|Any CPU
		{A6898C4F-916E-4BAD-81E7-2F235A3A8048}.Debug|Any CPU.Build.0 = Debug|Any CPU
		{A6898C4F-916E-4BAD-81E7-2F235A3A8048}.Release|Any CPU.ActiveCfg = Release|Any CPU
		{A6898C4F-916E-4BAD-81E7-2F235A3A8048}.Release|Any CPU.Build.0 = Release|Any CPU
		{E777453F-5D63-4375-961C-69BE4D21797D}.Debug|Any CPU.ActiveCfg = Debug|Any CPU
		{E777453F-5D63-4375-961C-69BE4D21797D}.Debug|Any CPU.Build.0 = Debug|Any CPU
		{E777453F-5D63-4375-961C-69BE4D21797D}.Release|Any CPU.ActiveCfg = Release|Any CPU
		{E777453F-5D63-4375-961C-69BE4D21797D}.Release|Any CPU.Build.0 = Release|Any CPU
		{32F002DA-403A-471C-AA6A-429753BC95F3}.Debug|Any CPU.ActiveCfg = Debug|Any CPU
		{32F002DA-403A-471C-AA6A-429753BC95F3}.Debug|Any CPU.Build.0 = Debug|Any CPU
		{32F002DA-403A-471C-AA6A-429753BC95F3}.Release|Any CPU.ActiveCfg = Release|Any CPU
		{32F002DA-403A-471C-AA6A-429753BC95F3}.Release|Any CPU.Build.0 = Release|Any CPU
		{E21EE08F-4CC9-4745-BAE5-4C9749E171D8}.Debug|Any CPU.ActiveCfg = Debug|Any CPU
		{E21EE08F-4CC9-4745-BAE5-4C9749E171D8}.Debug|Any CPU.Build.0 = Debug|Any CPU
		{E21EE08F-4CC9-4745-BAE5-4C9749E171D8}.Release|Any CPU.ActiveCfg = Release|Any CPU
		{E21EE08F-4CC9-4745-BAE5-4C9749E171D8}.Release|Any CPU.Build.0 = Release|Any CPU
		{BBB7284E-8316-40F8-AFAD-564F274E6CF7}.Debug|Any CPU.ActiveCfg = Debug|Any CPU
		{BBB7284E-8316-40F8-AFAD-564F274E6CF7}.Debug|Any CPU.Build.0 = Debug|Any CPU
		{BBB7284E-8316-40F8-AFAD-564F274E6CF7}.Release|Any CPU.ActiveCfg = Release|Any CPU
		{BBB7284E-8316-40F8-AFAD-564F274E6CF7}.Release|Any CPU.Build.0 = Release|Any CPU
		{34FA7EF0-7AB4-4B85-87E7-3A371051661D}.Debug|Any CPU.ActiveCfg = Debug|Any CPU
		{34FA7EF0-7AB4-4B85-87E7-3A371051661D}.Debug|Any CPU.Build.0 = Debug|Any CPU
		{34FA7EF0-7AB4-4B85-87E7-3A371051661D}.Release|Any CPU.ActiveCfg = Release|Any CPU
		{34FA7EF0-7AB4-4B85-87E7-3A371051661D}.Release|Any CPU.Build.0 = Release|Any CPU
		{B0C2FE83-9A14-456A-AF5A-9ABD47CA9FF5}.Debug|Any CPU.ActiveCfg = Debug|Any CPU
		{B0C2FE83-9A14-456A-AF5A-9ABD47CA9FF5}.Debug|Any CPU.Build.0 = Debug|Any CPU
		{B0C2FE83-9A14-456A-AF5A-9ABD47CA9FF5}.Release|Any CPU.ActiveCfg = Release|Any CPU
		{B0C2FE83-9A14-456A-AF5A-9ABD47CA9FF5}.Release|Any CPU.Build.0 = Release|Any CPU
		{DC30BF37-888A-4836-B3D5-BD877C8D14C1}.Debug|Any CPU.ActiveCfg = Debug|Any CPU
		{DC30BF37-888A-4836-B3D5-BD877C8D14C1}.Debug|Any CPU.Build.0 = Debug|Any CPU
		{DC30BF37-888A-4836-B3D5-BD877C8D14C1}.Release|Any CPU.ActiveCfg = Release|Any CPU
		{DC30BF37-888A-4836-B3D5-BD877C8D14C1}.Release|Any CPU.Build.0 = Release|Any CPU
		{9187CE5B-0303-4D8A-9E45-E5A9B0F0523D}.Debug|Any CPU.ActiveCfg = Debug|Any CPU
		{9187CE5B-0303-4D8A-9E45-E5A9B0F0523D}.Debug|Any CPU.Build.0 = Debug|Any CPU
		{9187CE5B-0303-4D8A-9E45-E5A9B0F0523D}.Release|Any CPU.ActiveCfg = Release|Any CPU
		{9187CE5B-0303-4D8A-9E45-E5A9B0F0523D}.Release|Any CPU.Build.0 = Release|Any CPU
		{969A6848-5006-42B5-A456-62FA56B386BC}.Debug|Any CPU.ActiveCfg = Debug|Any CPU
		{969A6848-5006-42B5-A456-62FA56B386BC}.Debug|Any CPU.Build.0 = Debug|Any CPU
		{969A6848-5006-42B5-A456-62FA56B386BC}.Release|Any CPU.ActiveCfg = Release|Any CPU
		{969A6848-5006-42B5-A456-62FA56B386BC}.Release|Any CPU.Build.0 = Release|Any CPU
	EndGlobalSection
EndGlobal
